
Microsoft Visual Studio Solution File, Format Version 12.00
# Visual Studio 15
VisualStudioVersion = 15.0.27428.2005
MinimumVisualStudioVersion = 10.0.40219.1
Project("{FAE04EC0-301F-11D3-BF4B-00C04F79EFBC}") = "CentricExpress.DevOps.Logging", "CentricExpress.DevOps.Logging\CentricExpress.DevOps.Logging.csproj", "{3B0E1B0F-C6FA-4EBD-B946-F46A24746036}"
EndProject
Project("{FAE04EC0-301F-11D3-BF4B-00C04F79EFBC}") = "CentricExpress.DevOps.LoggingTest", "CentricExpress.DevOps.LoggingTest\CentricExpress.DevOps.LoggingTest.csproj", "{359F97C6-1CBC-4197-AEDB-932775310F2A}"
EndProject
Project("{FAE04EC0-301F-11D3-BF4B-00C04F79EFBC}") = "CentricExpress.DevOps.LoggingApp", "CentricExpress.DevOps.LoggingApp\CentricExpress.DevOps.LoggingApp.csproj", "{AE02DA20-583C-40A5-8577-27609B460B63}"
EndProject
Global
	GlobalSection(SolutionConfigurationPlatforms) = preSolution
		Debug|Any CPU = Debug|Any CPU
		Release|Any CPU = Release|Any CPU
	EndGlobalSection
	GlobalSection(ProjectConfigurationPlatforms) = postSolution
		{3B0E1B0F-C6FA-4EBD-B946-F46A24746036}.Debug|Any CPU.ActiveCfg = Debug|Any CPU
		{3B0E1B0F-C6FA-4EBD-B946-F46A24746036}.Debug|Any CPU.Build.0 = Debug|Any CPU
		{3B0E1B0F-C6FA-4EBD-B946-F46A24746036}.Release|Any CPU.ActiveCfg = Release|Any CPU
		{3B0E1B0F-C6FA-4EBD-B946-F46A24746036}.Release|Any CPU.Build.0 = Release|Any CPU
		{359F97C6-1CBC-4197-AEDB-932775310F2A}.Debug|Any CPU.ActiveCfg = Debug|Any CPU
		{359F97C6-1CBC-4197-AEDB-932775310F2A}.Debug|Any CPU.Build.0 = Debug|Any CPU
		{359F97C6-1CBC-4197-AEDB-932775310F2A}.Release|Any CPU.ActiveCfg = Release|Any CPU
		{359F97C6-1CBC-4197-AEDB-932775310F2A}.Release|Any CPU.Build.0 = Release|Any CPU
		{AE02DA20-583C-40A5-8577-27609B460B63}.Debug|Any CPU.ActiveCfg = Debug|Any CPU
		{AE02DA20-583C-40A5-8577-27609B460B63}.Debug|Any CPU.Build.0 = Debug|Any CPU
		{AE02DA20-583C-40A5-8577-27609B460B63}.Release|Any CPU.ActiveCfg = Release|Any CPU
		{AE02DA20-583C-40A5-8577-27609B460B63}.Release|Any CPU.Build.0 = Release|Any CPU
	EndGlobalSection
	GlobalSection(SolutionProperties) = preSolution
		HideSolutionNode = FALSE
	EndGlobalSection
	GlobalSection(ExtensibilityGlobals) = postSolution
		SolutionGuid = {293B2BB9-4542-41E5-BB62-1A1679106EB5}
	EndGlobalSection
EndGlobal
